
Microsoft Visual Studio Solution File, Format Version 12.00
# Visual Studio 14
VisualStudioVersion = 14.0.24720.0
MinimumVisualStudioVersion = 10.0.40219.1
Project("{FAE04EC0-301F-11D3-BF4B-00C04F79EFBC}") = "UnicornEngine", "UnicornEngine\UnicornEngine.csproj", "{D129C3E9-2F5C-4C36-A0F7-FF2163454F36}"
EndProject
Project("{FAE04EC0-301F-11D3-BF4B-00C04F79EFBC}") = "WindowsGame1", "..\WindowsGame1\WindowsGame1\WindowsGame1.csproj", "{819DC91A-CDEF-43E3-B4BD-FB33CEDA43EE}"
EndProject
Project("{96E2B04D-8817-42C6-938A-82C39BA4D311}") = "WindowsGame1Content", "..\WindowsGame1\WindowsGame1Content\WindowsGame1Content.contentproj", "{772A0442-77D2-409C-A00B-B182FAF52055}"
EndProject
Global
	GlobalSection(SolutionConfigurationPlatforms) = preSolution
		Debug|x86 = Debug|x86
		Release|x86 = Release|x86
	EndGlobalSection
	GlobalSection(ProjectConfigurationPlatforms) = postSolution
		{D129C3E9-2F5C-4C36-A0F7-FF2163454F36}.Debug|x86.ActiveCfg = Debug|x86
		{D129C3E9-2F5C-4C36-A0F7-FF2163454F36}.Debug|x86.Build.0 = Debug|x86
		{D129C3E9-2F5C-4C36-A0F7-FF2163454F36}.Release|x86.ActiveCfg = Release|x86
		{D129C3E9-2F5C-4C36-A0F7-FF2163454F36}.Release|x86.Build.0 = Release|x86
		{819DC91A-CDEF-43E3-B4BD-FB33CEDA43EE}.Debug|x86.ActiveCfg = Debug|x86
		{819DC91A-CDEF-43E3-B4BD-FB33CEDA43EE}.Debug|x86.Build.0 = Debug|x86
		{819DC91A-CDEF-43E3-B4BD-FB33CEDA43EE}.Release|x86.ActiveCfg = Release|x86
		{819DC91A-CDEF-43E3-B4BD-FB33CEDA43EE}.Release|x86.Build.0 = Release|x86
		{772A0442-77D2-409C-A00B-B182FAF52055}.Debug|x86.ActiveCfg = Debug|x86
		{772A0442-77D2-409C-A00B-B182FAF52055}.Release|x86.ActiveCfg = Release|x86
	EndGlobalSection
	GlobalSection(SolutionProperties) = preSolution
		HideSolutionNode = FALSE
	EndGlobalSection
EndGlobal
